
Microsoft Visual Studio Solution File, Format Version 12.00
# Visual Studio Version 17
VisualStudioVersion = 17.6.33712.159
MinimumVisualStudioVersion = 10.0.40219.1
Project("{9A19103F-16F7-4668-BE54-9A1E7A4F7556}") = "DiscriminatedUnionAnalyzer", "DiscriminatedUnionAnalyzer\DiscriminatedUnionAnalyzer.csproj", "{535EE703-75C8-41B9-AF0B-4D3AB52E0147}"
EndProject
Project("{9A19103F-16F7-4668-BE54-9A1E7A4F7556}") = "DiscriminatedUnionAnalyzer.CodeFixes", "DiscriminatedUnionAnalyzer.CodeFixes\DiscriminatedUnionAnalyzer.CodeFixes.csproj", "{5963367A-C3EA-426E-87AC-14378F8D2D05}"
EndProject
Project("{9A19103F-16F7-4668-BE54-9A1E7A4F7556}") = "DiscriminatedUnionAnalyzer.Package", "DiscriminatedUnionAnalyzer.Package\DiscriminatedUnionAnalyzer.Package.csproj", "{A3D00F50-452E-4A4C-9C9C-2B4DDAAD3F69}"
EndProject
Project("{9A19103F-16F7-4668-BE54-9A1E7A4F7556}") = "DiscriminatedUnionAnalyzer.Test", "DiscriminatedUnionAnalyzer.Test\DiscriminatedUnionAnalyzer.Test.csproj", "{D9BE2417-A4FB-4338-9FCB-4BC8BC39EFA6}"
EndProject
Project("{9A19103F-16F7-4668-BE54-9A1E7A4F7556}") = "DiscriminatedUnionAnalyzer.Vsix", "DiscriminatedUnionAnalyzer.Vsix\DiscriminatedUnionAnalyzer.Vsix.csproj", "{862902F1-8358-4B02-B5C7-C833BB23DAD1}"
EndProject
Project("{2150E333-8FDC-42A3-9474-1A3956D46DE8}") = "Solution Items", "Solution Items", "{B5FF097D-E942-4368-BC6B-BC847EF06254}"
	ProjectSection(SolutionItems) = preProject
		Directory.Build.props = Directory.Build.props
	EndProjectSection
EndProject
Project("{FAE04EC0-301F-11D3-BF4B-00C04F79EFBC}") = "DiscriminatedUnionAnalyzer.Contracts", "DiscriminatedUnionAnalyzer.Contracts\DiscriminatedUnionAnalyzer.Contracts.csproj", "{07586263-0D60-4ADE-91D3-1B1A181CE20F}"
EndProject
Project("{FAE04EC0-301F-11D3-BF4B-00C04F79EFBC}") = "TestConsole", "TestConsole\TestConsole.csproj", "{EDF4DE75-416A-4EB1-8163-9BF4630EBB1B}"
EndProject
Global
	GlobalSection(SolutionConfigurationPlatforms) = preSolution
		Debug|Any CPU = Debug|Any CPU
		Release|Any CPU = Release|Any CPU
	EndGlobalSection
	GlobalSection(ProjectConfigurationPlatforms) = postSolution
		{535EE703-75C8-41B9-AF0B-4D3AB52E0147}.Debug|Any CPU.ActiveCfg = Debug|Any CPU
		{535EE703-75C8-41B9-AF0B-4D3AB52E0147}.Debug|Any CPU.Build.0 = Debug|Any CPU
		{535EE703-75C8-41B9-AF0B-4D3AB52E0147}.Release|Any CPU.ActiveCfg = Release|Any CPU
		{535EE703-75C8-41B9-AF0B-4D3AB52E0147}.Release|Any CPU.Build.0 = Release|Any CPU
		{5963367A-C3EA-426E-87AC-14378F8D2D05}.Debug|Any CPU.ActiveCfg = Debug|Any CPU
		{5963367A-C3EA-426E-87AC-14378F8D2D05}.Debug|Any CPU.Build.0 = Debug|Any CPU
		{5963367A-C3EA-426E-87AC-14378F8D2D05}.Release|Any CPU.ActiveCfg = Release|Any CPU
		{5963367A-C3EA-426E-87AC-14378F8D2D05}.Release|Any CPU.Build.0 = Release|Any CPU
		{A3D00F50-452E-4A4C-9C9C-2B4DDAAD3F69}.Debug|Any CPU.ActiveCfg = Debug|Any CPU
		{A3D00F50-452E-4A4C-9C9C-2B4DDAAD3F69}.Debug|Any CPU.Build.0 = Debug|Any CPU
		{A3D00F50-452E-4A4C-9C9C-2B4DDAAD3F69}.Release|Any CPU.ActiveCfg = Release|Any CPU
		{A3D00F50-452E-4A4C-9C9C-2B4DDAAD3F69}.Release|Any CPU.Build.0 = Release|Any CPU
		{D9BE2417-A4FB-4338-9FCB-4BC8BC39EFA6}.Debug|Any CPU.ActiveCfg = Debug|Any CPU
		{D9BE2417-A4FB-4338-9FCB-4BC8BC39EFA6}.Debug|Any CPU.Build.0 = Debug|Any CPU
		{D9BE2417-A4FB-4338-9FCB-4BC8BC39EFA6}.Release|Any CPU.ActiveCfg = Release|Any CPU
		{D9BE2417-A4FB-4338-9FCB-4BC8BC39EFA6}.Release|Any CPU.Build.0 = Release|Any CPU
		{862902F1-8358-4B02-B5C7-C833BB23DAD1}.Debug|Any CPU.ActiveCfg = Debug|Any CPU
		{862902F1-8358-4B02-B5C7-C833BB23DAD1}.Debug|Any CPU.Build.0 = Debug|Any CPU
		{862902F1-8358-4B02-B5C7-C833BB23DAD1}.Release|Any CPU.ActiveCfg = Release|Any CPU
		{862902F1-8358-4B02-B5C7-C833BB23DAD1}.Release|Any CPU.Build.0 = Release|Any CPU
		{07586263-0D60-4ADE-91D3-1B1A181CE20F}.Debug|Any CPU.ActiveCfg = Debug|Any CPU
		{07586263-0D60-4ADE-91D3-1B1A181CE20F}.Debug|Any CPU.Build.0 = Debug|Any CPU
		{07586263-0D60-4ADE-91D3-1B1A181CE20F}.Release|Any CPU.ActiveCfg = Release|Any CPU
		{07586263-0D60-4ADE-91D3-1B1A181CE20F}.Release|Any CPU.Build.0 = Release|Any CPU
		{EDF4DE75-416A-4EB1-8163-9BF4630EBB1B}.Debug|Any CPU.ActiveCfg = Debug|Any CPU
		{EDF4DE75-416A-4EB1-8163-9BF4630EBB1B}.Debug|Any CPU.Build.0 = Debug|Any CPU
		{EDF4DE75-416A-4EB1-8163-9BF4630EBB1B}.Release|Any CPU.ActiveCfg = Release|Any CPU
		{EDF4DE75-416A-4EB1-8163-9BF4630EBB1B}.Release|Any CPU.Build.0 = Release|Any CPU
	EndGlobalSection
	GlobalSection(SolutionProperties) = preSolution
		HideSolutionNode = FALSE
	EndGlobalSection
	GlobalSection(ExtensibilityGlobals) = postSolution
		SolutionGuid = {A1924FB3-9B8C-49F7-A503-C90705EB03EF}
	EndGlobalSection
EndGlobal
